// !$*UTF8*$!
{
	archiveVersion = 1;
	classes = {
	};
	objectVersion = 50;
	objects = {

/* Begin PBXBuildFile section */
		FAC8FF0C256D3B4700C2985D /* MemoViewController.swift in Sources */ = {isa = PBXBuildFile; fileRef = FAC8FF0B256D3B4700C2985D /* MemoViewController.swift */; };
		FAED223B256A454100928D4A /* AppDelegate.swift in Sources */ = {isa = PBXBuildFile; fileRef = FAED223A256A454100928D4A /* AppDelegate.swift */; };
		FAED2240256A454100928D4A /* Main.storyboard in Resources */ = {isa = PBXBuildFile; fileRef = FAED223E256A454100928D4A /* Main.storyboard */; };
		FAED2242256A454200928D4A /* Assets.xcassets in Resources */ = {isa = PBXBuildFile; fileRef = FAED2241256A454200928D4A /* Assets.xcassets */; };
		FAED2245256A454200928D4A /* LaunchScreen.storyboard in Resources */ = {isa = PBXBuildFile; fileRef = FAED2243256A454200928D4A /* LaunchScreen.storyboard */; };
		FAED2250256A454300928D4A /* MymemoTests.swift in Sources */ = {isa = PBXBuildFile; fileRef = FAED224F256A454300928D4A /* MymemoTests.swift */; };
		FAED225B256A454300928D4A /* MymemoUITests.swift in Sources */ = {isa = PBXBuildFile; fileRef = FAED225A256A454300928D4A /* MymemoUITests.swift */; };
		FAED2269256A469000928D4A /* MemoTableViewController.swift in Sources */ = {isa = PBXBuildFile; fileRef = FAED2268256A469000928D4A /* MemoTableViewController.swift */; };
/* End PBXBuildFile section */

/* Begin PBXContainerItemProxy section */
		FAED224C256A454300928D4A /* PBXContainerItemProxy */ = {
			isa = PBXContainerItemProxy;
			containerPortal = FAED222F256A454100928D4A /* Project object */;
			proxyType = 1;
			remoteGlobalIDString = FAED2236256A454100928D4A;
			remoteInfo = Mymemo;
		};
		FAED2257256A454300928D4A /* PBXContainerItemProxy */ = {
			isa = PBXContainerItemProxy;
			containerPortal = FAED222F256A454100928D4A /* Project object */;
			proxyType = 1;
			remoteGlobalIDString = FAED2236256A454100928D4A;
			remoteInfo = Mymemo;
		};
/* End PBXContainerItemProxy section */

/* Begin PBXFileReference section */
		FAC8FF0B256D3B4700C2985D /* MemoViewController.swift */ = {isa = PBXFileReference; lastKnownFileType = sourcecode.swift; path = MemoViewController.swift; sourceTree = "<group>"; };
		FAED2237256A454100928D4A /* Mymemo.app */ = {isa = PBXFileReference; explicitFileType = wrapper.application; includeInIndex = 0; path = Mymemo.app; sourceTree = BUILT_PRODUCTS_DIR; };
		FAED223A256A454100928D4A /* AppDelegate.swift */ = {isa = PBXFileReference; lastKnownFileType = sourcecode.swift; path = AppDelegate.swift; sourceTree = "<group>"; };
		FAED223F256A454100928D4A /* Base */ = {isa = PBXFileReference; lastKnownFileType = file.storyboard; name = Base; path = Base.lproj/Main.storyboard; sourceTree = "<group>"; };
		FAED2241256A454200928D4A /* Assets.xcassets */ = {isa = PBXFileReference; lastKnownFileType = folder.assetcatalog; path = Assets.xcassets; sourceTree = "<group>"; };
		FAED2244256A454200928D4A /* Base */ = {isa = PBXFileReference; lastKnownFileType = file.storyboard; name = Base; path = Base.lproj/LaunchScreen.storyboard; sourceTree = "<group>"; };
		FAED2246256A454200928D4A /* Info.plist */ = {isa = PBXFileReference; lastKnownFileType = text.plist.xml; path = Info.plist; sourceTree = "<group>"; };
		FAED224B256A454300928D4A /* MymemoTests.xctest */ = {isa = PBXFileReference; explicitFileType = wrapper.cfbundle; includeInIndex = 0; path = MymemoTests.xctest; sourceTree = BUILT_PRODUCTS_DIR; };
		FAED224F256A454300928D4A /* MymemoTests.swift */ = {isa = PBXFileReference; lastKnownFileType = sourcecode.swift; path = MymemoTests.swift; sourceTree = "<group>"; };
		FAED2251256A454300928D4A /* Info.plist */ = {isa = PBXFileReference; lastKnownFileType = text.plist.xml; path = Info.plist; sourceTree = "<group>"; };
		FAED2256256A454300928D4A /* MymemoUITests.xctest */ = {isa = PBXFileReference; explicitFileType = wrapper.cfbundle; includeInIndex = 0; path = MymemoUITests.xctest; sourceTree = BUILT_PRODUCTS_DIR; };
		FAED225A256A454300928D4A /* MymemoUITests.swift */ = {isa = PBXFileReference; lastKnownFileType = sourcecode.swift; path = MymemoUITests.swift; sourceTree = "<group>"; };
		FAED225C256A454300928D4A /* Info.plist */ = {isa = PBXFileReference; lastKnownFileType = text.plist.xml; path = Info.plist; sourceTree = "<group>"; };
		FAED2268256A469000928D4A /* MemoTableViewController.swift */ = {isa = PBXFileReference; lastKnownFileType = sourcecode.swift; path = MemoTableViewController.swift; sourceTree = "<group>"; };
/* End PBXFileReference section */

/* Begin PBXFrameworksBuildPhase section */
		FAED2234256A454100928D4A /* Frameworks */ = {
			isa = PBXFrameworksBuildPhase;
			buildActionMask = 2147483647;
			files = (
			);
			runOnlyForDeploymentPostprocessing = 0;
		};
		FAED2248256A454300928D4A /* Frameworks */ = {
			isa = PBXFrameworksBuildPhase;
			buildActionMask = 2147483647;
			files = (
			);
			runOnlyForDeploymentPostprocessing = 0;
		};
		FAED2253256A454300928D4A /* Frameworks */ = {
			isa = PBXFrameworksBuildPhase;
			buildActionMask = 2147483647;
			files = (
			);
			runOnlyForDeploymentPostprocessing = 0;
		};
/* End PBXFrameworksBuildPhase section */

/* Begin PBXGroup section */
		FAED222E256A454100928D4A = {
			isa = PBXGroup;
			children = (
				FAED2239256A454100928D4A /* Mymemo */,
				FAED224E256A454300928D4A /* MymemoTests */,
				FAED2259256A454300928D4A /* MymemoUITests */,
				FAED2238256A454100928D4A /* Products */,
			);
			sourceTree = "<group>";
		};
		FAED2238256A454100928D4A /* Products */ = {
			isa = PBXGroup;
			children = (
				FAED2237256A454100928D4A /* Mymemo.app */,
				FAED224B256A454300928D4A /* MymemoTests.xctest */,
				FAED2256256A454300928D4A /* MymemoUITests.xctest */,
			);
			name = Products;
			sourceTree = "<group>";
		};
		FAED2239256A454100928D4A /* Mymemo */ = {
			isa = PBXGroup;
			children = (
				FAED223A256A454100928D4A /* AppDelegate.swift */,
				FAC8FF0B256D3B4700C2985D /* MemoViewController.swift */,
				FAED223E256A454100928D4A /* Main.storyboard */,
				FAED2268256A469000928D4A /* MemoTableViewController.swift */,
				FAED2241256A454200928D4A /* Assets.xcassets */,
				FAED2243256A454200928D4A /* LaunchScreen.storyboard */,
				FAED2246256A454200928D4A /* Info.plist */,
			);
			path = Mymemo;
			sourceTree = "<group>";
		};
		FAED224E256A454300928D4A /* MymemoTests */ = {
			isa = PBXGroup;
			children = (
				FAED224F256A454300928D4A /* MymemoTests.swift */,
				FAED2251256A454300928D4A /* Info.plist */,
			);
			path = MymemoTests;
			sourceTree = "<group>";
		};
		FAED2259256A454300928D4A /* MymemoUITests */ = {
			isa = PBXGroup;
			children = (
				FAED225A256A454300928D4A /* MymemoUITests.swift */,
				FAED225C256A454300928D4A /* Info.plist */,
			);
			path = MymemoUITests;
			sourceTree = "<group>";
		};
/* End PBXGroup section */

/* Begin PBXNativeTarget section */
		FAED2236256A454100928D4A /* Mymemo */ = {
			isa = PBXNativeTarget;
			buildConfigurationList = FAED225F256A454300928D4A /* Build configuration list for PBXNativeTarget "Mymemo" */;
			buildPhases = (
				FAED2233256A454100928D4A /* Sources */,
				FAED2234256A454100928D4A /* Frameworks */,
				FAED2235256A454100928D4A /* Resources */,
			);
			buildRules = (
			);
			dependencies = (
			);
			name = Mymemo;
			productName = Mymemo;
			productReference = FAED2237256A454100928D4A /* Mymemo.app */;
			productType = "com.apple.product-type.application";
		};
		FAED224A256A454300928D4A /* MymemoTests */ = {
			isa = PBXNativeTarget;
			buildConfigurationList = FAED2262256A454300928D4A /* Build configuration list for PBXNativeTarget "MymemoTests" */;
			buildPhases = (
				FAED2247256A454300928D4A /* Sources */,
				FAED2248256A454300928D4A /* Frameworks */,
				FAED2249256A454300928D4A /* Resources */,
			);
			buildRules = (
			);
			dependencies = (
				FAED224D256A454300928D4A /* PBXTargetDependency */,
			);
			name = MymemoTests;
			productName = MymemoTests;
			productReference = FAED224B256A454300928D4A /* MymemoTests.xctest */;
			productType = "com.apple.product-type.bundle.unit-test";
		};
		FAED2255256A454300928D4A /* MymemoUITests */ = {
			isa = PBXNativeTarget;
			buildConfigurationList = FAED2265256A454300928D4A /* Build configuration list for PBXNativeTarget "MymemoUITests" */;
			buildPhases = (
				FAED2252256A454300928D4A /* Sources */,
				FAED2253256A454300928D4A /* Frameworks */,
				FAED2254256A454300928D4A /* Resources */,
			);
			buildRules = (
			);
			dependencies = (
				FAED2258256A454300928D4A /* PBXTargetDependency */,
			);
			name = MymemoUITests;
			productName = MymemoUITests;
			productReference = FAED2256256A454300928D4A /* MymemoUITests.xctest */;
			productType = "com.apple.product-type.bundle.ui-testing";
		};
/* End PBXNativeTarget section */

/* Begin PBXProject section */
		FAED222F256A454100928D4A /* Project object */ = {
			isa = PBXProject;
			attributes = {
				LastSwiftUpdateCheck = 1010;
				LastUpgradeCheck = 1010;
				ORGANIZATIONNAME = Macbook;
				TargetAttributes = {
					FAED2236256A454100928D4A = {
						CreatedOnToolsVersion = 10.1;
					};
					FAED224A256A454300928D4A = {
						CreatedOnToolsVersion = 10.1;
						TestTargetID = FAED2236256A454100928D4A;
					};
					FAED2255256A454300928D4A = {
						CreatedOnToolsVersion = 10.1;
						TestTargetID = FAED2236256A454100928D4A;
					};
				};
			};
			buildConfigurationList = FAED2232256A454100928D4A /* Build configuration list for PBXProject "Mymemo" */;
			compatibilityVersion = "Xcode 9.3";
			developmentRegion = en;
			hasScannedForEncodings = 0;
			knownRegions = (
				en,
				Base,
			);
			mainGroup = FAED222E256A454100928D4A;
			productRefGroup = FAED2238256A454100928D4A /* Products */;
			projectDirPath = "";
			projectRoot = "";
			targets = (
				FAED2236256A454100928D4A /* Mymemo */,
				FAED224A256A454300928D4A /* MymemoTests */,
				FAED2255256A454300928D4A /* MymemoUITests */,
			);
		};
/* End PBXProject section */

/* Begin PBXResourcesBuildPhase section */
		FAED2235256A454100928D4A /* Resources */ = {
			isa = PBXResourcesBuildPhase;
			buildActionMask = 2147483647;
			files = (
				FAED2245256A454200928D4A /* LaunchScreen.storyboard in Resources */,
				FAED2242256A454200928D4A /* Assets.xcassets in Resources */,
				FAED2240256A454100928D4A /* Main.storyboard in Resources */,
			);
			runOnlyForDeploymentPostprocessing = 0;
		};
		FAED2249256A454300928D4A /* Resources */ = {
			isa = PBXResourcesBuildPhase;
			buildActionMask = 2147483647;
			files = (
			);
			runOnlyForDeploymentPostprocessing = 0;
		};
		FAED2254256A454300928D4A /* Resources */ = {
			isa = PBXResourcesBuildPhase;
			buildActionMask = 2147483647;
			files = (
			);
			runOnlyForDeploymentPostprocessing = 0;
		};
/* End PBXResourcesBuildPhase section */

/* Begin PBXSourcesBuildPhase section */
		FAED2233256A454100928D4A /* Sources */ = {
			isa = PBXSourcesBuildPhase;
			buildActionMask = 2147483647;
			files = (
				FAED223B256A454100928D4A /* AppDelegate.swift in Sources */,
				FAED2269256A469000928D4A /* MemoTableViewController.swift in Sources */,
				FAC8FF0C256D3B4700C2985D /* MemoViewController.swift in Sources */,
			);
			runOnlyForDeploymentPostprocessing = 0;
		};
		FAED2247256A454300928D4A /* Sources */ = {
			isa = PBXSourcesBuildPhase;
			buildActionMask = 2147483647;
			files = (
				FAED2250256A454300928D4A /* MymemoTests.swift in Sources */,
			);
			runOnlyForDeploymentPostprocessing = 0;
		};
		FAED2252256A454300928D4A /* Sources */ = {
			isa = PBXSourcesBuildPhase;
			buildActionMask = 2147483647;
			files = (
				FAED225B256A454300928D4A /* MymemoUITests.swift in Sources */,
			);
			runOnlyForDeploymentPostprocessing = 0;
		};
/* End PBXSourcesBuildPhase section */

/* Begin PBXTargetDependency section */
		FAED224D256A454300928D4A /* PBXTargetDependency */ = {
			isa = PBXTargetDependency;
			target = FAED2236256A454100928D4A /* Mymemo */;
			targetProxy = FAED224C256A454300928D4A /* PBXContainerItemProxy */;
		};
		FAED2258256A454300928D4A /* PBXTargetDependency */ = {
			isa = PBXTargetDependency;
			target = FAED2236256A454100928D4A /* Mymemo */;
			targetProxy = FAED2257256A454300928D4A /* PBXContainerItemProxy */;
		};
/* End PBXTargetDependency section */

/* Begin PBXVariantGroup section */
		FAED223E256A454100928D4A /* Main.storyboard */ = {
			isa = PBXVariantGroup;
			children = (
				FAED223F256A454100928D4A /* Base */,
			);
			name = Main.storyboard;
			sourceTree = "<group>";
		};
		FAED2243256A454200928D4A /* LaunchScreen.storyboard */ = {
			isa = PBXVariantGroup;
			children = (
				FAED2244256A454200928D4A /* Base */,
			);
			name = LaunchScreen.storyboard;
			sourceTree = "<group>";
		};
/* End PBXVariantGroup section */

/* Begin XCBuildConfiguration section */
		FAED225D256A454300928D4A /* Debug */ = {
			isa = XCBuildConfiguration;
			buildSettings = {
				ALWAYS_SEARCH_USER_PATHS = NO;
				CLANG_ANALYZER_NONNULL = YES;
				CLANG_ANALYZER_NUMBER_OBJECT_CONVERSION = YES_AGGRESSIVE;
				CLANG_CXX_LANGUAGE_STANDARD = "gnu++14";
				CLANG_CXX_LIBRARY = "libc++";
				CLANG_ENABLE_MODULES = YES;
				CLANG_ENABLE_OBJC_ARC = YES;
				CLANG_ENABLE_OBJC_WEAK = YES;
				CLANG_WARN_BLOCK_CAPTURE_AUTORELEASING = YES;
				CLANG_WARN_BOOL_CONVERSION = YES;
				CLANG_WARN_COMMA = YES;
				CLANG_WARN_CONSTANT_CONVERSION = YES;
				CLANG_WARN_DEPRECATED_OBJC_IMPLEMENTATIONS = YES;
				CLANG_WARN_DIRECT_OBJC_ISA_USAGE = YES_ERROR;
				CLANG_WARN_DOCUMENTATION_COMMENTS = YES;
				CLANG_WARN_EMPTY_BODY = YES;
				CLANG_WARN_ENUM_CONVERSION = YES;
				CLANG_WARN_INFINITE_RECURSION = YES;
				CLANG_WARN_INT_CONVERSION = YES;
				CLANG_WARN_NON_LITERAL_NULL_CONVERSION = YES;
				CLANG_WARN_OBJC_IMPLICIT_RETAIN_SELF = YES;
				CLANG_WARN_OBJC_LITERAL_CONVERSION = YES;
				CLANG_WARN_OBJC_ROOT_CLASS = YES_ERROR;
				CLANG_WARN_RANGE_LOOP_ANALYSIS = YES;
				CLANG_WARN_STRICT_PROTOTYPES = YES;
				CLANG_WARN_SUSPICIOUS_MOVE = YES;
				CLANG_WARN_UNGUARDED_AVAILABILITY = YES_AGGRESSIVE;
				CLANG_WARN_UNREACHABLE_CODE = YES;
				CLANG_WARN__DUPLICATE_METHOD_MATCH = YES;
				CODE_SIGN_IDENTITY = "iPhone Developer";
				COPY_PHASE_STRIP = NO;
				DEBUG_INFORMATION_FORMAT = dwarf;
				ENABLE_STRICT_OBJC_MSGSEND = YES;
				ENABLE_TESTABILITY = YES;
				GCC_C_LANGUAGE_STANDARD = gnu11;
				GCC_DYNAMIC_NO_PIC = NO;
				GCC_NO_COMMON_BLOCKS = YES;
				GCC_OPTIMIZATION_LEVEL = 0;
				GCC_PREPROCESSOR_DEFINITIONS = (
					"DEBUG=1",
					"$(inherited)",
				);
				GCC_WARN_64_TO_32_BIT_CONVERSION = YES;
				GCC_WARN_ABOUT_RETURN_TYPE = YES_ERROR;
				GCC_WARN_UNDECLARED_SELECTOR = YES;
				GCC_WARN_UNINITIALIZED_AUTOS = YES_AGGRESSIVE;
				GCC_WARN_UNUSED_FUNCTION = YES;
				GCC_WARN_UNUSED_VARIABLE = YES;
				IPHONEOS_DEPLOYMENT_TARGET = 12.1;
				MTL_ENABLE_DEBUG_INFO = INCLUDE_SOURCE;
				MTL_FAST_MATH = YES;
				ONLY_ACTIVE_ARCH = YES;
				SDKROOT = iphoneos;
				SWIFT_ACTIVE_COMPILATION_CONDITIONS = DEBUG;
				SWIFT_OPTIMIZATION_LEVEL = "-Onone";
			};
			name = Debug;
		};
		FAED225E256A454300928D4A /* Release */ = {
			isa = XCBuildConfiguration;
			buildSettings = {
				ALWAYS_SEARCH_USER_PATHS = NO;
				CLANG_ANALYZER_NONNULL = YES;
				CLANG_ANALYZER_NUMBER_OBJECT_CONVERSION = YES_AGGRESSIVE;
				CLANG_CXX_LANGUAGE_STANDARD = "gnu++14";
				CLANG_CXX_LIBRARY = "libc++";
				CLANG_ENABLE_MODULES = YES;
				CLANG_ENABLE_OBJC_ARC = YES;
				CLANG_ENABLE_OBJC_WEAK = YES;
				CLANG_WARN_BLOCK_CAPTURE_AUTORELEASING = YES;
				CLANG_WARN_BOOL_CONVERSION = YES;
				CLANG_WARN_COMMA = YES;
				CLANG_WARN_CONSTANT_CONVERSION = YES;
				CLANG_WARN_DEPRECATED_OBJC_IMPLEMENTATIONS = YES;
				CLANG_WARN_DIRECT_OBJC_ISA_USAGE = YES_ERROR;
				CLANG_WARN_DOCUMENTATION_COMMENTS = YES;
				CLANG_WARN_EMPTY_BODY = YES;
				CLANG_WARN_ENUM_CONVERSION = YES;
				CLANG_WARN_INFINITE_RECURSION = YES;
				CLANG_WARN_INT_CONVERSION = YES;
				CLANG_WARN_NON_LITERAL_NULL_CONVERSION = YES;
				CLANG_WARN_OBJC_IMPLICIT_RETAIN_SELF = YES;
				CLANG_WARN_OBJC_LITERAL_CONVERSION = YES;
				CLANG_WARN_OBJC_ROOT_CLASS = YES_ERROR;
				CLANG_WARN_RANGE_LOOP_ANALYSIS = YES;
				CLANG_WARN_STRICT_PROTOTYPES = YES;
				CLANG_WARN_SUSPICIOUS_MOVE = YES;
				CLANG_WARN_UNGUARDED_AVAILABILITY = YES_AGGRESSIVE;
				CLANG_WARN_UNREACHABLE_CODE = YES;
				CLANG_WARN__DUPLICATE_METHOD_MATCH = YES;
				CODE_SIGN_IDENTITY = "iPhone Developer";
				COPY_PHASE_STRIP = NO;
				DEBUG_INFORMATION_FORMAT = "dwarf-with-dsym";
				ENABLE_NS_ASSERTIONS = NO;
				ENABLE_STRICT_OBJC_MSGSEND = YES;
				GCC_C_LANGUAGE_STANDARD = gnu11;
				GCC_NO_COMMON_BLOCKS = YES;
				GCC_WARN_64_TO_32_BIT_CONVERSION = YES;
				GCC_WARN_ABOUT_RETURN_TYPE = YES_ERROR;
				GCC_WARN_UNDECLARED_SELECTOR = YES;
				GCC_WARN_UNINITIALIZED_AUTOS = YES_AGGRESSIVE;
				GCC_WARN_UNUSED_FUNCTION = YES;
				GCC_WARN_UNUSED_VARIABLE = YES;
				IPHONEOS_DEPLOYMENT_TARGET = 12.1;
				MTL_ENABLE_DEBUG_INFO = NO;
				MTL_FAST_MATH = YES;
				SDKROOT = iphoneos;
				SWIFT_COMPILATION_MODE = wholemodule;
				SWIFT_OPTIMIZATION_LEVEL = "-O";
				VALIDATE_PRODUCT = YES;
			};
			name = Release;
		};
		FAED2260256A454300928D4A /* Debug */ = {
			isa = XCBuildConfiguration;
			buildSettings = {
				ASSETCATALOG_COMPILER_APPICON_NAME = AppIcon;
				CODE_SIGN_STYLE = Automatic;
				INFOPLIST_FILE = Mymemo/Info.plist;
				LD_RUNPATH_SEARCH_PATHS = (
					"$(inherited)",
					"@executable_path/Frameworks",
				);
				PRODUCT_BUNDLE_IDENTIFIER = com.Mymemo;
				PRODUCT_NAME = "$(TARGET_NAME)";
				SWIFT_VERSION = 4.2;
				TARGETED_DEVICE_FAMILY = "1,2";
			};
			name = Debug;
		};
		FAED2261256A454300928D4A /* Release */ = {
			isa = XCBuildConfiguration;
			buildSettings = {
				ASSETCATALOG_COMPILER_APPICON_NAME = AppIcon;
				CODE_SIGN_STYLE = Automatic;
				INFOPLIST_FILE = Mymemo/Info.plist;
				LD_RUNPATH_SEARCH_PATHS = (
					"$(inherited)",
					"@executable_path/Frameworks",
				);
				PRODUCT_BUNDLE_IDENTIFIER = com.Mymemo;
				PRODUCT_NAME = "$(TARGET_NAME)";
				SWIFT_VERSION = 4.2;
				TARGETED_DEVICE_FAMILY = "1,2";
			};
			name = Release;
		};
		FAED2263256A454300928D4A /* Debug */ = {
			isa = XCBuildConfiguration;
			buildSettings = {
				ALWAYS_EMBED_SWIFT_STANDARD_LIBRARIES = YES;
				BUNDLE_LOADER = "$(TEST_HOST)";
				CODE_SIGN_STYLE = Automatic;
				INFOPLIST_FILE = MymemoTests/Info.plist;
				LD_RUNPATH_SEARCH_PATHS = (
					"$(inherited)",
					"@executable_path/Frameworks",
					"@loader_path/Frameworks",
				);
				PRODUCT_BUNDLE_IDENTIFIER = com.MymemoTests;
				PRODUCT_NAME = "$(TARGET_NAME)";
				SWIFT_VERSION = 4.2;
				TARGETED_DEVICE_FAMILY = "1,2";
				TEST_HOST = "$(BUILT_PRODUCTS_DIR)/Mymemo.app/Mymemo";
			};
			name = Debug;
		};
		FAED2264256A454300928D4A /* Release */ = {
			isa = XCBuildConfiguration;
			buildSettings = {
				ALWAYS_EMBED_SWIFT_STANDARD_LIBRARIES = YES;
				BUNDLE_LOADER = "$(TEST_HOST)";
				CODE_SIGN_STYLE = Automatic;
				INFOPLIST_FILE = MymemoTests/Info.plist;
				LD_RUNPATH_SEARCH_PATHS = (
					"$(inherited)",
					"@executable_path/Frameworks",
					"@loader_path/Frameworks",
				);
				PRODUCT_BUNDLE_IDENTIFIER = com.MymemoTests;
				PRODUCT_NAME = "$(TARGET_NAME)";
				SWIFT_VERSION = 4.2;
				TARGETED_DEVICE_FAMILY = "1,2";
				TEST_HOST = "$(BUILT_PRODUCTS_DIR)/Mymemo.app/Mymemo";
			};
			name = Release;
		};
		FAED2266256A454300928D4A /* Debug */ = {
			isa = XCBuildConfiguration;
			buildSettings = {
				ALWAYS_EMBED_SWIFT_STANDARD_LIBRARIES = YES;
				CODE_SIGN_STYLE = Automatic;
				INFOPLIST_FILE = MymemoUITests/Info.plist;
				LD_RUNPATH_SEARCH_PATHS = (
					"$(inherited)",
					"@executable_path/Frameworks",
					"@loader_path/Frameworks",
				);
				PRODUCT_BUNDLE_IDENTIFIER = com.MymemoUITests;
				PRODUCT_NAME = "$(TARGET_NAME)";
				SWIFT_VERSION = 4.2;
				TARGETED_DEVICE_FAMILY = "1,2";
				TEST_TARGET_NAME = Mymemo;
			};
			name = Debug;
		};
		FAED2267256A454300928D4A /* Release */ = {
			isa = XCBuildConfiguration;
			buildSettings = {
				ALWAYS_EMBED_SWIFT_STANDARD_LIBRARIES = YES;
				CODE_SIGN_STYLE = Automatic;
				INFOPLIST_FILE = MymemoUITests/Info.plist;
				LD_RUNPATH_SEARCH_PATHS = (
					"$(inherited)",
					"@executable_path/Frameworks",
					"@loader_path/Frameworks",
				);
				PRODUCT_BUNDLE_IDENTIFIER = com.MymemoUITests;
				PRODUCT_NAME = "$(TARGET_NAME)";
				SWIFT_VERSION = 4.2;
				TARGETED_DEVICE_FAMILY = "1,2";
				TEST_TARGET_NAME = Mymemo;
			};
			name = Release;
		};
/* End XCBuildConfiguration section */

/* Begin XCConfigurationList section */
		FAED2232256A454100928D4A /* Build configuration list for PBXProject "Mymemo" */ = {
			isa = XCConfigurationList;
			buildConfigurations = (
				FAED225D256A454300928D4A /* Debug */,
				FAED225E256A454300928D4A /* Release */,
			);
			defaultConfigurationIsVisible = 0;
			defaultConfigurationName = Release;
		};
		FAED225F256A454300928D4A /* Build configuration list for PBXNativeTarget "Mymemo" */ = {
			isa = XCConfigurationList;
			buildConfigurations = (
				FAED2260256A454300928D4A /* Debug */,
				FAED2261256A454300928D4A /* Release */,
			);
			defaultConfigurationIsVisible = 0;
			defaultConfigurationName = Release;
		};
		FAED2262256A454300928D4A /* Build configuration list for PBXNativeTarget "MymemoTests" */ = {
			isa = XCConfigurationList;
			buildConfigurations = (
				FAED2263256A454300928D4A /* Debug */,
				FAED2264256A454300928D4A /* Release */,
			);
			defaultConfigurationIsVisible = 0;
			defaultConfigurationName = Release;
		};
		FAED2265256A454300928D4A /* Build configuration list for PBXNativeTarget "MymemoUITests" */ = {
			isa = XCConfigurationList;
			buildConfigurations = (
				FAED2266256A454300928D4A /* Debug */,
				FAED2267256A454300928D4A /* Release */,
			);
			defaultConfigurationIsVisible = 0;
			defaultConfigurationName = Release;
		};
/* End XCConfigurationList section */
	};
	rootObject = FAED222F256A454100928D4A /* Project object */;
}
